
Microsoft Visual Studio Solution File, Format Version 12.00
# Visual Studio Version 17
VisualStudioVersion = 17.12.35527.113 d17.12
MinimumVisualStudioVersion = 10.0.40219.1
Project("{FAE04EC0-301F-11D3-BF4B-00C04F79EFBC}") = "InterFace C#", "InterFace C#\InterFace C#.csproj", "{C984B36C-0D3E-4AC9-86AC-09C351D8F2AE}"
EndProject
Global
	GlobalSection(SolutionConfigurationPlatforms) = preSolution
		Debug|Any CPU = Debug|Any CPU
		Release|Any CPU = Release|Any CPU
	EndGlobalSection
	GlobalSection(ProjectConfigurationPlatforms) = postSolution
		{C984B36C-0D3E-4AC9-86AC-09C351D8F2AE}.Debug|Any CPU.ActiveCfg = Debug|Any CPU
		{C984B36C-0D3E-4AC9-86AC-09C351D8F2AE}.Debug|Any CPU.Build.0 = Debug|Any CPU
		{C984B36C-0D3E-4AC9-86AC-09C351D8F2AE}.Release|Any CPU.ActiveCfg = Release|Any CPU
		{C984B36C-0D3E-4AC9-86AC-09C351D8F2AE}.Release|Any CPU.Build.0 = Release|Any CPU
	EndGlobalSection
	GlobalSection(SolutionProperties) = preSolution
		HideSolutionNode = FALSE
	EndGlobalSection
EndGlobal
